
Microsoft Visual Studio Solution File, Format Version 12.00
# Visual Studio 2012
Project("{FAE04EC0-301F-11D3-BF4B-00C04F79EFBC}") = "DevLogin", "DevLogin\DevLogin.csproj", "{CE6999C5-8D73-43AE-AB33-B48212A83384}"
EndProject
Global
	GlobalSection(SolutionConfigurationPlatforms) = preSolution
		Debug|Any CPU = Debug|Any CPU
		Release|Any CPU = Release|Any CPU
	EndGlobalSection
	GlobalSection(ProjectConfigurationPlatforms) = postSolution
		{CE6999C5-8D73-43AE-AB33-B48212A83384}.Debug|Any CPU.ActiveCfg = Debug|Any CPU
		{CE6999C5-8D73-43AE-AB33-B48212A83384}.Debug|Any CPU.Build.0 = Debug|Any CPU
		{CE6999C5-8D73-43AE-AB33-B48212A83384}.Release|Any CPU.ActiveCfg = Release|Any CPU
		{CE6999C5-8D73-43AE-AB33-B48212A83384}.Release|Any CPU.Build.0 = Release|Any CPU
	EndGlobalSection
	GlobalSection(SolutionProperties) = preSolution
		HideSolutionNode = FALSE
	EndGlobalSection
EndGlobal
